
Microsoft Visual Studio Solution File, Format Version 12.00
# Visual Studio Version 17
VisualStudioVersion = 17.14.36414.22
MinimumVisualStudioVersion = 10.0.40219.1
Project("{FAE04EC0-301F-11D3-BF4B-00C04F79EFBC}") = "POO_Heranca_Biblioteca", "POO_Heranca_Biblioteca\POO_Heranca_Biblioteca.csproj", "{E7145F15-76C3-49DE-AE6B-AA56B5CAF7B7}"
EndProject
Project("{FAE04EC0-301F-11D3-BF4B-00C04F79EFBC}") = "POO_Heranca_Veiculos", "POO_Heranca_Veiculos\POO_Heranca_Veiculos.csproj", "{C9AFB93A-ACD7-49EB-B781-9E346C3C8409}"
EndProject
Project("{FAE04EC0-301F-11D3-BF4B-00C04F79EFBC}") = "POO_Heranca_Eletronicos", "POO_Heranca_Eletronicos\POO_Heranca_Eletronicos.csproj", "{DED61A32-F13A-49F6-B558-0EDC567A03FE}"
EndProject
Project("{FAE04EC0-301F-11D3-BF4B-00C04F79EFBC}") = "Construtores_ProdutoBasico", "Construtores_ProdutoBasico\Construtores_ProdutoBasico.csproj", "{4A1E32DF-E69F-4899-ADDB-E89E83B3704B}"
EndProject
Project("{FAE04EC0-301F-11D3-BF4B-00C04F79EFBC}") = "Construtores_ObjetosBrinquedo", "Construtores_ObjetosBrinquedo\Construtores_ObjetosBrinquedo.csproj", "{B0BBB7C2-8A6D-48CD-929F-B9C2CDB53AC5}"
EndProject
Project("{FAE04EC0-301F-11D3-BF4B-00C04F79EFBC}") = "POO_Heranca_FuncionariosBonus", "POO_Heranca_FuncionariosBonus\POO_Heranca_FuncionariosBonus.csproj", "{79FAA95D-C31E-450B-9DC7-1189678EE9DD}"
EndProject
Project("{FAE04EC0-301F-11D3-BF4B-00C04F79EFBC}") = "Construtores_ProdutoAvancado", "Construtores_ProdutoAvancado\Construtores_ProdutoAvancado.csproj", "{3216AB37-4A2B-4DB2-AFAF-CDE94030AB2D}"
EndProject
Project("{FAE04EC0-301F-11D3-BF4B-00C04F79EFBC}") = "POO_Heranca_Banco", "POO_Heranca_Banco\POO_Heranca_Banco.csproj", "{CFD8B7AF-D4CF-4514-A964-D98CBAC3D629}"
EndProject
Project("{FAE04EC0-301F-11D3-BF4B-00C04F79EFBC}") = "POO_Interfaces_Pagamentos", "POO_Interfaces_Pagamentos\POO_Interfaces_Pagamentos.csproj", "{029EC41D-6A6C-477A-895E-8098A844169D}"
EndProject
Project("{FAE04EC0-301F-11D3-BF4B-00C04F79EFBC}") = "POO_Interfaces_Impressoras", "POO_Interfaces_Impressoras\POO_Interfaces_Impressoras.csproj", "{757376D3-7DF9-4D6F-AED9-FAEEABDD352C}"
EndProject
Project("{FAE04EC0-301F-11D3-BF4B-00C04F79EFBC}") = "POO_Interfaces_Transportes", "POO_Interfaces_Transportes\POO_Interfaces_Transportes.csproj", "{F8EE2F5A-F0F8-464F-81C3-A957D780EDFB}"
EndProject
Project("{FAE04EC0-301F-11D3-BF4B-00C04F79EFBC}") = "Excecoes_TratamentoBasico", "Excecoes_TratamentoBasico\Excecoes_TratamentoBasico.csproj", "{46A8739E-37C7-4D24-A8E3-C7C61927AC69}"
EndProject
Project("{FAE04EC0-301F-11D3-BF4B-00C04F79EFBC}") = "Arquivos_TXT_Basico", "Arquivos_TXT_Basico\Arquivos_TXT_Basico.csproj", "{FD33D4D9-5AAC-4172-9BA3-79AE79734069}"
EndProject
Project("{FAE04EC0-301F-11D3-BF4B-00C04F79EFBC}") = "Arquivos_TXT_StreamReader", "Arquivos_TXT_StreamReader\Arquivos_TXT_StreamReader.csproj", "{1F122D82-1378-4FBF-994E-107539A506B5}"
EndProject
Project("{FAE04EC0-301F-11D3-BF4B-00C04F79EFBC}") = "Arquivos_CSV_Extracao", "Arquivos_CSV_Extracao\Arquivos_CSV_Extracao.csproj", "{B1D5AC65-F456-4DBC-9D71-10F6A8A8C1F7}"
EndProject
Project("{FAE04EC0-301F-11D3-BF4B-00C04F79EFBC}") = "Arquivos_JSON_Basico", "Arquivos_JSON_Basico\Arquivos_JSON_Basico.csproj", "{3F186A78-40A8-4990-AC39-4AFDE8F970AC}"
EndProject
Project("{FAE04EC0-301F-11D3-BF4B-00C04F79EFBC}") = "Arquivos_TXT_GerenciadorAnotacoes", "Arquivos_TXT_GerenciadorAnotacoes\Arquivos_TXT_GerenciadorAnotacoes.csproj", "{877902CA-8393-4BB7-B5B3-6C96F00714C4}"
EndProject
Project("{FAE04EC0-301F-11D3-BF4B-00C04F79EFBC}") = "Arquivos_CSV_CadastroProdutos", "Arquivos_CSV_CadastroProdutos\Arquivos_CSV_CadastroProdutos.csproj", "{1295DB8B-27B7-44CD-9183-AF79AC916A01}"
EndProject
Project("{FAE04EC0-301F-11D3-BF4B-00C04F79EFBC}") = "Arquivos_TXT_GerenciadorTarefas", "Arquivos_TXT_GerenciadorTarefas\Arquivos_TXT_GerenciadorTarefas.csproj", "{8A866095-B176-499D-A680-DFBC2B52DB36}"
EndProject
Global
	GlobalSection(SolutionConfigurationPlatforms) = preSolution
		Debug|Any CPU = Debug|Any CPU
		Release|Any CPU = Release|Any CPU
	EndGlobalSection
	GlobalSection(ProjectConfigurationPlatforms) = postSolution
		{E7145F15-76C3-49DE-AE6B-AA56B5CAF7B7}.Debug|Any CPU.ActiveCfg = Debug|Any CPU
		{E7145F15-76C3-49DE-AE6B-AA56B5CAF7B7}.Debug|Any CPU.Build.0 = Debug|Any CPU
		{E7145F15-76C3-49DE-AE6B-AA56B5CAF7B7}.Release|Any CPU.ActiveCfg = Release|Any CPU
		{E7145F15-76C3-49DE-AE6B-AA56B5CAF7B7}.Release|Any CPU.Build.0 = Release|Any CPU
		{C9AFB93A-ACD7-49EB-B781-9E346C3C8409}.Debug|Any CPU.ActiveCfg = Debug|Any CPU
		{C9AFB93A-ACD7-49EB-B781-9E346C3C8409}.Debug|Any CPU.Build.0 = Debug|Any CPU
		{C9AFB93A-ACD7-49EB-B781-9E346C3C8409}.Release|Any CPU.ActiveCfg = Release|Any CPU
		{C9AFB93A-ACD7-49EB-B781-9E346C3C8409}.Release|Any CPU.Build.0 = Release|Any CPU
		{DED61A32-F13A-49F6-B558-0EDC567A03FE}.Debug|Any CPU.ActiveCfg = Debug|Any CPU
		{DED61A32-F13A-49F6-B558-0EDC567A03FE}.Debug|Any CPU.Build.0 = Debug|Any CPU
		{DED61A32-F13A-49F6-B558-0EDC567A03FE}.Release|Any CPU.ActiveCfg = Release|Any CPU
		{DED61A32-F13A-49F6-B558-0EDC567A03FE}.Release|Any CPU.Build.0 = Release|Any CPU
		{4A1E32DF-E69F-4899-ADDB-E89E83B3704B}.Debug|Any CPU.ActiveCfg = Debug|Any CPU
		{4A1E32DF-E69F-4899-ADDB-E89E83B3704B}.Debug|Any CPU.Build.0 = Debug|Any CPU
		{4A1E32DF-E69F-4899-ADDB-E89E83B3704B}.Release|Any CPU.ActiveCfg = Release|Any CPU
		{4A1E32DF-E69F-4899-ADDB-E89E83B3704B}.Release|Any CPU.Build.0 = Release|Any CPU
		{B0BBB7C2-8A6D-48CD-929F-B9C2CDB53AC5}.Debug|Any CPU.ActiveCfg = Debug|Any CPU
		{B0BBB7C2-8A6D-48CD-929F-B9C2CDB53AC5}.Debug|Any CPU.Build.0 = Debug|Any CPU
		{B0BBB7C2-8A6D-48CD-929F-B9C2CDB53AC5}.Release|Any CPU.ActiveCfg = Release|Any CPU
		{B0BBB7C2-8A6D-48CD-929F-B9C2CDB53AC5}.Release|Any CPU.Build.0 = Release|Any CPU
		{79FAA95D-C31E-450B-9DC7-1189678EE9DD}.Debug|Any CPU.ActiveCfg = Debug|Any CPU
		{79FAA95D-C31E-450B-9DC7-1189678EE9DD}.Debug|Any CPU.Build.0 = Debug|Any CPU
		{79FAA95D-C31E-450B-9DC7-1189678EE9DD}.Release|Any CPU.ActiveCfg = Release|Any CPU
		{79FAA95D-C31E-450B-9DC7-1189678EE9DD}.Release|Any CPU.Build.0 = Release|Any CPU
		{3216AB37-4A2B-4DB2-AFAF-CDE94030AB2D}.Debug|Any CPU.ActiveCfg = Debug|Any CPU
		{3216AB37-4A2B-4DB2-AFAF-CDE94030AB2D}.Debug|Any CPU.Build.0 = Debug|Any CPU
		{3216AB37-4A2B-4DB2-AFAF-CDE94030AB2D}.Release|Any CPU.ActiveCfg = Release|Any CPU
		{3216AB37-4A2B-4DB2-AFAF-CDE94030AB2D}.Release|Any CPU.Build.0 = Release|Any CPU
		{CFD8B7AF-D4CF-4514-A964-D98CBAC3D629}.Debug|Any CPU.ActiveCfg = Debug|Any CPU
		{CFD8B7AF-D4CF-4514-A964-D98CBAC3D629}.Debug|Any CPU.Build.0 = Debug|Any CPU
		{CFD8B7AF-D4CF-4514-A964-D98CBAC3D629}.Release|Any CPU.ActiveCfg = Release|Any CPU
		{CFD8B7AF-D4CF-4514-A964-D98CBAC3D629}.Release|Any CPU.Build.0 = Release|Any CPU
		{029EC41D-6A6C-477A-895E-8098A844169D}.Debug|Any CPU.ActiveCfg = Debug|Any CPU
		{029EC41D-6A6C-477A-895E-8098A844169D}.Debug|Any CPU.Build.0 = Debug|Any CPU
		{029EC41D-6A6C-477A-895E-8098A844169D}.Release|Any CPU.ActiveCfg = Release|Any CPU
		{029EC41D-6A6C-477A-895E-8098A844169D}.Release|Any CPU.Build.0 = Release|Any CPU
		{757376D3-7DF9-4D6F-AED9-FAEEABDD352C}.Debug|Any CPU.ActiveCfg = Debug|Any CPU
		{757376D3-7DF9-4D6F-AED9-FAEEABDD352C}.Debug|Any CPU.Build.0 = Debug|Any CPU
		{757376D3-7DF9-4D6F-AED9-FAEEABDD352C}.Release|Any CPU.ActiveCfg = Release|Any CPU
		{757376D3-7DF9-4D6F-AED9-FAEEABDD352C}.Release|Any CPU.Build.0 = Release|Any CPU
		{F8EE2F5A-F0F8-464F-81C3-A957D780EDFB}.Debug|Any CPU.ActiveCfg = Debug|Any CPU
		{F8EE2F5A-F0F8-464F-81C3-A957D780EDFB}.Debug|Any CPU.Build.0 = Debug|Any CPU
		{F8EE2F5A-F0F8-464F-81C3-A957D780EDFB}.Release|Any CPU.ActiveCfg = Release|Any CPU
		{F8EE2F5A-F0F8-464F-81C3-A957D780EDFB}.Release|Any CPU.Build.0 = Release|Any CPU
		{46A8739E-37C7-4D24-A8E3-C7C61927AC69}.Debug|Any CPU.ActiveCfg = Debug|Any CPU
		{46A8739E-37C7-4D24-A8E3-C7C61927AC69}.Debug|Any CPU.Build.0 = Debug|Any CPU
		{46A8739E-37C7-4D24-A8E3-C7C61927AC69}.Release|Any CPU.ActiveCfg = Release|Any CPU
		{46A8739E-37C7-4D24-A8E3-C7C61927AC69}.Release|Any CPU.Build.0 = Release|Any CPU
		{FD33D4D9-5AAC-4172-9BA3-79AE79734069}.Debug|Any CPU.ActiveCfg = Debug|Any CPU
		{FD33D4D9-5AAC-4172-9BA3-79AE79734069}.Debug|Any CPU.Build.0 = Debug|Any CPU
		{FD33D4D9-5AAC-4172-9BA3-79AE79734069}.Release|Any CPU.ActiveCfg = Release|Any CPU
		{FD33D4D9-5AAC-4172-9BA3-79AE79734069}.Release|Any CPU.Build.0 = Release|Any CPU
		{1F122D82-1378-4FBF-994E-107539A506B5}.Debug|Any CPU.ActiveCfg = Debug|Any CPU
		{1F122D82-1378-4FBF-994E-107539A506B5}.Debug|Any CPU.Build.0 = Debug|Any CPU
		{1F122D82-1378-4FBF-994E-107539A506B5}.Release|Any CPU.ActiveCfg = Release|Any CPU
		{1F122D82-1378-4FBF-994E-107539A506B5}.Release|Any CPU.Build.0 = Release|Any CPU
		{B1D5AC65-F456-4DBC-9D71-10F6A8A8C1F7}.Debug|Any CPU.ActiveCfg = Debug|Any CPU
		{B1D5AC65-F456-4DBC-9D71-10F6A8A8C1F7}.Debug|Any CPU.Build.0 = Debug|Any CPU
		{B1D5AC65-F456-4DBC-9D71-10F6A8A8C1F7}.Release|Any CPU.ActiveCfg = Release|Any CPU
		{B1D5AC65-F456-4DBC-9D71-10F6A8A8C1F7}.Release|Any CPU.Build.0 = Release|Any CPU
		{3F186A78-40A8-4990-AC39-4AFDE8F970AC}.Debug|Any CPU.ActiveCfg = Debug|Any CPU
		{3F186A78-40A8-4990-AC39-4AFDE8F970AC}.Debug|Any CPU.Build.0 = Debug|Any CPU
		{3F186A78-40A8-4990-AC39-4AFDE8F970AC}.Release|Any CPU.ActiveCfg = Release|Any CPU
		{3F186A78-40A8-4990-AC39-4AFDE8F970AC}.Release|Any CPU.Build.0 = Release|Any CPU
		{877902CA-8393-4BB7-B5B3-6C96F00714C4}.Debug|Any CPU.ActiveCfg = Debug|Any CPU
		{877902CA-8393-4BB7-B5B3-6C96F00714C4}.Debug|Any CPU.Build.0 = Debug|Any CPU
		{877902CA-8393-4BB7-B5B3-6C96F00714C4}.Release|Any CPU.ActiveCfg = Release|Any CPU
		{877902CA-8393-4BB7-B5B3-6C96F00714C4}.Release|Any CPU.Build.0 = Release|Any CPU
		{1295DB8B-27B7-44CD-9183-AF79AC916A01}.Debug|Any CPU.ActiveCfg = Debug|Any CPU
		{1295DB8B-27B7-44CD-9183-AF79AC916A01}.Debug|Any CPU.Build.0 = Debug|Any CPU
		{1295DB8B-27B7-44CD-9183-AF79AC916A01}.Release|Any CPU.ActiveCfg = Release|Any CPU
		{1295DB8B-27B7-44CD-9183-AF79AC916A01}.Release|Any CPU.Build.0 = Release|Any CPU
		{8A866095-B176-499D-A680-DFBC2B52DB36}.Debug|Any CPU.ActiveCfg = Debug|Any CPU
		{8A866095-B176-499D-A680-DFBC2B52DB36}.Debug|Any CPU.Build.0 = Debug|Any CPU
		{8A866095-B176-499D-A680-DFBC2B52DB36}.Release|Any CPU.ActiveCfg = Release|Any CPU
		{8A866095-B176-499D-A680-DFBC2B52DB36}.Release|Any CPU.Build.0 = Release|Any CPU
	EndGlobalSection
	GlobalSection(SolutionProperties) = preSolution
		HideSolutionNode = FALSE
	EndGlobalSection
	GlobalSection(ExtensibilityGlobals) = postSolution
		SolutionGuid = {240BDBC5-EC27-4811-8F8B-D0FEB647561B}
	EndGlobalSection
EndGlobal
